
Microsoft Visual Studio Solution File, Format Version 12.00
# Visual Studio Version 16
VisualStudioVersion = 16.0.30804.86
MinimumVisualStudioVersion = 10.0.40219.1
Project("{FAE04EC0-301F-11D3-BF4B-00C04F79EFBC}") = "Storages", "Storages\Storages.csproj", "{232E3EB5-8D14-42F7-9D4E-8686C46AB16B}"
EndProject
Project("{FAE04EC0-301F-11D3-BF4B-00C04F79EFBC}") = "BLL", "BLL\BLL.csproj", "{8CFAF510-1BA6-44B9-8474-953717E004F5}"
EndProject
Project("{FAE04EC0-301F-11D3-BF4B-00C04F79EFBC}") = "DAL", "DAL\DAL.csproj", "{01CB6524-9396-43AD-BB74-B840A7F8DA10}"
EndProject
Project("{FAE04EC0-301F-11D3-BF4B-00C04F79EFBC}") = "Models", "Models\Models.csproj", "{CD5B0102-6E7B-4662-AA27-C1637B87DCA5}"
EndProject
Global
	GlobalSection(SolutionConfigurationPlatforms) = preSolution
		Debug|Any CPU = Debug|Any CPU
		Release|Any CPU = Release|Any CPU
	EndGlobalSection
	GlobalSection(ProjectConfigurationPlatforms) = postSolution
		{232E3EB5-8D14-42F7-9D4E-8686C46AB16B}.Debug|Any CPU.ActiveCfg = Debug|Any CPU
		{232E3EB5-8D14-42F7-9D4E-8686C46AB16B}.Debug|Any CPU.Build.0 = Debug|Any CPU
		{232E3EB5-8D14-42F7-9D4E-8686C46AB16B}.Release|Any CPU.ActiveCfg = Release|Any CPU
		{232E3EB5-8D14-42F7-9D4E-8686C46AB16B}.Release|Any CPU.Build.0 = Release|Any CPU
		{8CFAF510-1BA6-44B9-8474-953717E004F5}.Debug|Any CPU.ActiveCfg = Debug|Any CPU
		{8CFAF510-1BA6-44B9-8474-953717E004F5}.Debug|Any CPU.Build.0 = Debug|Any CPU
		{8CFAF510-1BA6-44B9-8474-953717E004F5}.Release|Any CPU.ActiveCfg = Release|Any CPU
		{8CFAF510-1BA6-44B9-8474-953717E004F5}.Release|Any CPU.Build.0 = Release|Any CPU
		{01CB6524-9396-43AD-BB74-B840A7F8DA10}.Debug|Any CPU.ActiveCfg = Debug|Any CPU
		{01CB6524-9396-43AD-BB74-B840A7F8DA10}.Debug|Any CPU.Build.0 = Debug|Any CPU
		{01CB6524-9396-43AD-BB74-B840A7F8DA10}.Release|Any CPU.ActiveCfg = Release|Any CPU
		{01CB6524-9396-43AD-BB74-B840A7F8DA10}.Release|Any CPU.Build.0 = Release|Any CPU
		{CD5B0102-6E7B-4662-AA27-C1637B87DCA5}.Debug|Any CPU.ActiveCfg = Debug|Any CPU
		{CD5B0102-6E7B-4662-AA27-C1637B87DCA5}.Debug|Any CPU.Build.0 = Debug|Any CPU
		{CD5B0102-6E7B-4662-AA27-C1637B87DCA5}.Release|Any CPU.ActiveCfg = Release|Any CPU
		{CD5B0102-6E7B-4662-AA27-C1637B87DCA5}.Release|Any CPU.Build.0 = Release|Any CPU
	EndGlobalSection
	GlobalSection(SolutionProperties) = preSolution
		HideSolutionNode = FALSE
	EndGlobalSection
	GlobalSection(ExtensibilityGlobals) = postSolution
		SolutionGuid = {9629E3DE-F3FA-4660-A84C-2844001053B4}
	EndGlobalSection
EndGlobal
